
Microsoft Visual Studio Solution File, Format Version 12.00
# Visual Studio Version 16
VisualStudioVersion = 16.0.30320.27
MinimumVisualStudioVersion = 10.0.40219.1
Project("{FAE04EC0-301F-11D3-BF4B-00C04F79EFBC}") = "DinamikFormElemanları", "DinamikFormElemanları\DinamikFormElemanları.csproj", "{D13A2663-9159-416E-B6DB-3BCF53CC8503}"
EndProject
Global
	GlobalSection(SolutionConfigurationPlatforms) = preSolution
		Debug|Any CPU = Debug|Any CPU
		Release|Any CPU = Release|Any CPU
	EndGlobalSection
	GlobalSection(ProjectConfigurationPlatforms) = postSolution
		{D13A2663-9159-416E-B6DB-3BCF53CC8503}.Debug|Any CPU.ActiveCfg = Debug|Any CPU
		{D13A2663-9159-416E-B6DB-3BCF53CC8503}.Debug|Any CPU.Build.0 = Debug|Any CPU
		{D13A2663-9159-416E-B6DB-3BCF53CC8503}.Release|Any CPU.ActiveCfg = Release|Any CPU
		{D13A2663-9159-416E-B6DB-3BCF53CC8503}.Release|Any CPU.Build.0 = Release|Any CPU
	EndGlobalSection
	GlobalSection(SolutionProperties) = preSolution
		HideSolutionNode = FALSE
	EndGlobalSection
	GlobalSection(ExtensibilityGlobals) = postSolution
		SolutionGuid = {253CA98C-33CB-4B3B-BD39-93CBBEFC932D}
	EndGlobalSection
EndGlobal
